
Microsoft Visual Studio Solution File, Format Version 12.00
# Visual Studio Version 16
VisualStudioVersion = 16.0.28922.388
MinimumVisualStudioVersion = 10.0.40219.1
Project("{FAE04EC0-301F-11D3-BF4B-00C04F79EFBC}") = "Alumnos", "Alumnos\Alumnos.csproj", "{3175CD00-2BC4-4959-92C3-B0DC999A409E}"
EndProject
Global
	GlobalSection(SolutionConfigurationPlatforms) = preSolution
		Debug|Any CPU = Debug|Any CPU
		Release|Any CPU = Release|Any CPU
	EndGlobalSection
	GlobalSection(ProjectConfigurationPlatforms) = postSolution
		{3175CD00-2BC4-4959-92C3-B0DC999A409E}.Debug|Any CPU.ActiveCfg = Debug|Any CPU
		{3175CD00-2BC4-4959-92C3-B0DC999A409E}.Debug|Any CPU.Build.0 = Debug|Any CPU
		{3175CD00-2BC4-4959-92C3-B0DC999A409E}.Release|Any CPU.ActiveCfg = Release|Any CPU
		{3175CD00-2BC4-4959-92C3-B0DC999A409E}.Release|Any CPU.Build.0 = Release|Any CPU
	EndGlobalSection
	GlobalSection(SolutionProperties) = preSolution
		HideSolutionNode = FALSE
	EndGlobalSection
	GlobalSection(ExtensibilityGlobals) = postSolution
		SolutionGuid = {324F31A4-127B-4987-946B-F3F4AA6BA95B}
	EndGlobalSection
EndGlobal
